# This file is automatically @generated by Cargo.
# It is not intended for manual editing.
version = 4

[[package]]
name = "just-getopt"
version = "2.0.0"
source = "git+https://github.com/tlikonen/just-getopt.git?branch=main#2f355df3eeee8eee7c3b5a0c3f34177c0764c972"

[[package]]
name = "kastk"
version = "0.1.0"
dependencies = [
 "just-getopt",
 "libc",
 "xdg",
]

[[package]]
name = "libc"
version = "0.2.171"
source = "registry+https://github.com/rust-lang/crates.io-index"
checksum = "c19937216e9d3aa9956d9bb8dfc0b0c8beb6058fc4f7a4dc4d850edf86a237d6"

[[package]]
name = "xdg"
version = "2.5.2"
source = "registry+https://github.com/rust-lang/crates.io-index"
checksum = "213b7324336b53d2414b2db8537e56544d981803139155afa84f76eeebb7a546"
